PODS:
  - FlutterMacOS (1.0.0)
  - mouse (0.0.1):
    - FlutterMacOS

DEPENDENCIES:
  - FlutterMacOS (from `Flutter/ephemeral`)
  - mouse (from `Flutter/ephemeral/.symlinks/plugins/mouse/macos`)

EXTERNAL SOURCES:
  FlutterMacOS:
    :path: Flutter/ephemeral
  mouse:
    :path: Flutter/ephemeral/.symlinks/plugins/mouse/macos

SPEC CHECKSUMS:
  FlutterMacOS: 8f6f14fa908a6fb3fba0cd85dbd81ec4b251fb24
  mouse: 4a5d8de5297d6ee0a611f1285223c1cfc1da9a6f

PODFILE CHECKSUM: 236401fc2c932af29a9fcf0e97baeeb2d750d367

COCOAPODS: 1.15.2
