PODS:
  - FlutterMacOS (1.0.0)
  - mouse_rust (0.0.1):
    - FlutterMacOS

DEPENDENCIES:
  - FlutterMacOS (from `Flutter/ephemeral`)
  - mouse_rust (from `Flutter/ephemeral/.symlinks/plugins/mouse_rust/macos`)

EXTERNAL SOURCES:
  FlutterMacOS:
    :path: Flutter/ephemeral
  mouse_rust:
    :path: Flutter/ephemeral/.symlinks/plugins/mouse_rust/macos

SPEC CHECKSUMS:
  FlutterMacOS: 8f6f14fa908a6fb3fba0cd85dbd81ec4b251fb24
  mouse_rust: 7f456d522958d94abd199cbf6a127c612627bf0c

PODFILE CHECKSUM: 236401fc2c932af29a9fcf0e97baeeb2d750d367

COCOAPODS: 1.15.2
